// !$*UTF8*$!
{
	archiveVersion = 1;
	classes = {
	};
	objectVersion = 56;
	objects = {

/* Begin PBXBuildFile section */
		FB9F87242D91B07F00EE69DA /* RedesSocialesApp.swift in Sources */ = {isa = PBXBuildFile; fileRef = FB9F87232D91B07F00EE69DA /* RedesSocialesApp.swift */; };
		FB9F87282D91B07F00EE69DA /* Assets.xcassets in Resources */ = {isa = PBXBuildFile; fileRef = FB9F87272D91B07F00EE69DA /* Assets.xcassets */; };
		FB9F872B2D91B07F00EE69DA /* Preview Assets.xcassets in Resources */ = {isa = PBXBuildFile; fileRef = FB9F872A2D91B07F00EE69DA /* Preview Assets.xcassets */; };
		FB9F87392D91B4D700EE69DA /* placeholder_api.swift in Sources */ = {isa = PBXBuildFile; fileRef = FB9F87382D91B4D700EE69DA /* placeholder_api.swift */; };
		FB9F873B2D91B4E100EE69DA /* errores.swift in Sources */ = {isa = PBXBuildFile; fileRef = FB9F873A2D91B4E100EE69DA /* errores.swift */; };
		FB9F87432D91BE2000EE69DA /* publicaciones_general.swift in Sources */ = {isa = PBXBuildFile; fileRef = FB9F87422D91BE2000EE69DA /* publicaciones_general.swift */; };
		FBED268D2DA0339F00489817 /* publicacion.swift in Sources */ = {isa = PBXBuildFile; fileRef = FBED268C2DA0339F00489817 /* publicacion.swift */; };
		FBED26922DA0356200489817 /* ContentView.swift in Sources */ = {isa = PBXBuildFile; fileRef = FBED26912DA0356200489817 /* ContentView.swift */; };
		FBED26A92DA035F200489817 /* perfil_vista_basica.swift in Sources */ = {isa = PBXBuildFile; fileRef = FBED26A52DA035F200489817 /* perfil_vista_basica.swift */; };
		FBED26AA2DA035F200489817 /* menu_apliacion.swift in Sources */ = {isa = PBXBuildFile; fileRef = FBED26A72DA035F200489817 /* menu_apliacion.swift */; };
		FBED26AD2DA0363A00489817 /* dragonball_api.swift in Sources */ = {isa = PBXBuildFile; fileRef = FBED26AC2DA0363A00489817 /* dragonball_api.swift */; };
		FBED26AF2DA03CF000489817 /* controlador_app.swift in Sources */ = {isa = PBXBuildFile; fileRef = FBED26AE2DA03CF000489817 /* controlador_app.swift */; };
		FBED26B12DA03CFC00489817 /* controlador_publicaciones.swift in Sources */ = {isa = PBXBuildFile; fileRef = FBED26B02DA03CFC00489817 /* controlador_publicaciones.swift */; };
		FBED26B32DA03D0F00489817 /* Publicacion.swift in Sources */ = {isa = PBXBuildFile; fileRef = FBED26B22DA03D0F00489817 /* Publicacion.swift */; };
		FBED26B52DA03D1A00489817 /* perfil.swift in Sources */ = {isa = PBXBuildFile; fileRef = FBED26B42DA03D1A00489817 /* perfil.swift */; };
		FBED26BD2DA03D2700489817 /* pagina_resultados.swift in Sources */ = {isa = PBXBuildFile; fileRef = FBED26B62DA03D2700489817 /* pagina_resultados.swift */; };
		FBED26BE2DA03D2700489817 /* mono_chino.swift in Sources */ = {isa = PBXBuildFile; fileRef = FBED26B82DA03D2700489817 /* mono_chino.swift */; };
		FBED26BF2DA03D2700489817 /* planeta.swift in Sources */ = {isa = PBXBuildFile; fileRef = FBED26B92DA03D2700489817 /* planeta.swift */; };
		FBED26C02DA03D2700489817 /* transformacion.swift in Sources */ = {isa = PBXBuildFile; fileRef = FBED26BA2DA03D2700489817 /* transformacion.swift */; };
		FBED26C12DA03D2700489817 /* comentario.swift in Sources */ = {isa = PBXBuildFile; fileRef = FBED26BC2DA03D2700489817 /* comentario.swift */; };
		FBED26C42DA0408100489817 /* PantallaPersonajes.swift in Sources */ = {isa = PBXBuildFile; fileRef = FBED26C32DA0408100489817 /* PantallaPersonajes.swift */; };
/* End PBXBuildFile section */

/* Begin PBXFileReference section */
		FB9F87202D91B07F00EE69DA /* RedesSociales.app */ = {isa = PBXFileReference; explicitFileType = wrapper.application; includeInIndex = 0; path = RedesSociales.app; sourceTree = BUILT_PRODUCTS_DIR; };
		FB9F87232D91B07F00EE69DA /* RedesSocialesApp.swift */ = {isa = PBXFileReference; lastKnownFileType = sourcecode.swift; path = RedesSocialesApp.swift; sourceTree = "<group>"; };
		FB9F87272D91B07F00EE69DA /* Assets.xcassets */ = {isa = PBXFileReference; lastKnownFileType = folder.assetcatalog; path = Assets.xcassets; sourceTree = "<group>"; };
		FB9F872A2D91B07F00EE69DA /* Preview Assets.xcassets */ = {isa = PBXFileReference; lastKnownFileType = folder.assetcatalog; path = "Preview Assets.xcassets"; sourceTree = "<group>"; };
		FB9F87382D91B4D700EE69DA /* placeholder_api.swift */ = {isa = PBXFileReference; lastKnownFileType = sourcecode.swift; path = placeholder_api.swift; sourceTree = "<group>"; };
		FB9F873A2D91B4E100EE69DA /* errores.swift */ = {isa = PBXFileReference; lastKnownFileType = sourcecode.swift; path = errores.swift; sourceTree = "<group>"; };
		FB9F87422D91BE2000EE69DA /* publicaciones_general.swift */ = {isa = PBXFileReference; lastKnownFileType = sourcecode.swift; path = publicaciones_general.swift; sourceTree = "<group>"; };
		FBED268C2DA0339F00489817 /* publicacion.swift */ = {isa = PBXFileReference; fileEncoding = 4; lastKnownFileType = sourcecode.swift; name = publicacion.swift; path = ../../../../../../bocetos_swiftui/redes_sociales/RedesSociales/RedesSociales/ui/publicaciones/publicacion.swift; sourceTree = "<group>"; };
		FBED26912DA0356200489817 /* ContentView.swift */ = {isa = PBXFileReference; fileEncoding = 4; lastKnownFileType = sourcecode.swift; path = ContentView.swift; sourceTree = "<group>"; };
		FBED26A52DA035F200489817 /* perfil_vista_basica.swift */ = {isa = PBXFileReference; fileEncoding = 4; lastKnownFileType = sourcecode.swift; path = perfil_vista_basica.swift; sourceTree = "<group>"; };
		FBED26A72DA035F200489817 /* menu_apliacion.swift */ = {isa = PBXFileReference; fileEncoding = 4; lastKnownFileType = sourcecode.swift; path = menu_apliacion.swift; sourceTree = "<group>"; };
		FBED26AC2DA0363A00489817 /* dragonball_api.swift */ = {isa = PBXFileReference; fileEncoding = 4; lastKnownFileType = sourcecode.swift; name = dragonball_api.swift; path = ../../../../../bocetos_swiftui/redes_sociales/RedesSociales/RedesSociales/servicios_API/dragonball_api.swift; sourceTree = "<group>"; };
		FBED26AE2DA03CF000489817 /* controlador_app.swift */ = {isa = PBXFileReference; fileEncoding = 4; lastKnownFileType = sourcecode.swift; name = controlador_app.swift; path = RedesSociales/controladores/controlador_app.swift; sourceTree = SOURCE_ROOT; };
		FBED26B02DA03CFC00489817 /* controlador_publicaciones.swift */ = {isa = PBXFileReference; fileEncoding = 4; lastKnownFileType = sourcecode.swift; name = controlador_publicaciones.swift; path = RedesSociales/controladores/controlador_publicaciones.swift; sourceTree = SOURCE_ROOT; };
		FBED26B22DA03D0F00489817 /* Publicacion.swift */ = {isa = PBXFileReference; fileEncoding = 4; lastKnownFileType = sourcecode.swift; path = Publicacion.swift; sourceTree = "<group>"; };
		FBED26B42DA03D1A00489817 /* perfil.swift */ = {isa = PBXFileReference; fileEncoding = 4; lastKnownFileType = sourcecode.swift; path = perfil.swift; sourceTree = "<group>"; };
		FBED26B62DA03D2700489817 /* pagina_resultados.swift */ = {isa = PBXFileReference; fileEncoding = 4; lastKnownFileType = sourcecode.swift; path = pagina_resultados.swift; sourceTree = "<group>"; };
		FBED26B82DA03D2700489817 /* mono_chino.swift */ = {isa = PBXFileReference; fileEncoding = 4; lastKnownFileType = sourcecode.swift; path = mono_chino.swift; sourceTree = "<group>"; };
		FBED26B92DA03D2700489817 /* planeta.swift */ = {isa = PBXFileReference; fileEncoding = 4; lastKnownFileType = sourcecode.swift; path = planeta.swift; sourceTree = "<group>"; };
		FBED26BA2DA03D2700489817 /* transformacion.swift */ = {isa = PBXFileReference; fileEncoding = 4; lastKnownFileType = sourcecode.swift; path = transformacion.swift; sourceTree = "<group>"; };
		FBED26BC2DA03D2700489817 /* comentario.swift */ = {isa = PBXFileReference; fileEncoding = 4; lastKnownFileType = sourcecode.swift; path = comentario.swift; sourceTree = "<group>"; };
		FBED26C32DA0408100489817 /* PantallaPersonajes.swift */ = {isa = PBXFileReference; lastKnownFileType = sourcecode.swift; path = PantallaPersonajes.swift; sourceTree = SOURCE_ROOT; };
/* End PBXFileReference section */

/* Begin PBXFrameworksBuildPhase section */
		FB9F871D2D91B07F00EE69DA /* Frameworks */ = {
			isa = PBXFrameworksBuildPhase;
			buildActionMask = 2147483647;
			files = (
			);
			runOnlyForDeploymentPostprocessing = 0;
		};
/* End PBXFrameworksBuildPhase section */

/* Begin PBXGroup section */
		FB9F87172D91B07F00EE69DA = {
			isa = PBXGroup;
			children = (
				FB9F87222D91B07F00EE69DA /* RedesSociales */,
				FB9F87212D91B07F00EE69DA /* Products */,
			);
			sourceTree = "<group>";
		};
		FB9F87212D91B07F00EE69DA /* Products */ = {
			isa = PBXGroup;
			children = (
				FB9F87202D91B07F00EE69DA /* RedesSociales.app */,
			);
			name = Products;
			sourceTree = "<group>";
		};
		FB9F87222D91B07F00EE69DA /* RedesSociales */ = {
			isa = PBXGroup;
			children = (
				FB9F873C2D91B58300EE69DA /* ContentView */,
				FB9F87312D91B15500EE69DA /* modelos */,
				FB9F87372D91B4C000EE69DA /* Servicios_API */,
				FBED26902DA0353200489817 /* controladores */,
				FB9F87412D91BDEF00EE69DA /* ui */,
				FB9F87232D91B07F00EE69DA /* RedesSocialesApp.swift */,
				FB9F87272D91B07F00EE69DA /* Assets.xcassets */,
				FB9F87292D91B07F00EE69DA /* Preview Content */,
			);
			path = RedesSociales;
			sourceTree = "<group>";
		};
		FB9F87292D91B07F00EE69DA /* Preview Content */ = {
			isa = PBXGroup;
			children = (
				FB9F872A2D91B07F00EE69DA /* Preview Assets.xcassets */,
			);
			path = "Preview Content";
			sourceTree = "<group>";
		};
		FB9F87312D91B15500EE69DA /* modelos */ = {
			isa = PBXGroup;
			children = (
				FBED26BC2DA03D2700489817 /* comentario.swift */,
				FBED26BB2DA03D2700489817 /* dragon_ball */,
				FBED26B42DA03D1A00489817 /* perfil.swift */,
				FBED26B22DA03D0F00489817 /* Publicacion.swift */,
			);
			path = modelos;
			sourceTree = "<group>";
		};
		FB9F87372D91B4C000EE69DA /* Servicios_API */ = {
			isa = PBXGroup;
			children = (
				FB9F87382D91B4D700EE69DA /* placeholder_api.swift */,
				FBED26AC2DA0363A00489817 /* dragonball_api.swift */,
				FB9F873A2D91B4E100EE69DA /* errores.swift */,
			);
			path = Servicios_API;
			sourceTree = "<group>";
		};
		FB9F873C2D91B58300EE69DA /* ContentView */ = {
			isa = PBXGroup;
			children = (
				FBED26912DA0356200489817 /* ContentView.swift */,
			);
			path = ContentView;
			sourceTree = "<group>";
		};
		FB9F87412D91BDEF00EE69DA /* ui */ = {
			isa = PBXGroup;
			children = (
				FBED26C22DA03FF300489817 /* Dragon_ball */,
				FBED26A82DA035F200489817 /* menu_inicial */,
				FBED26A62DA035F200489817 /* perfil_basico */,
				FB9F87442D91BE2A00EE69DA /* publicaciones */,
			);
			path = ui;
			sourceTree = "<group>";
		};
		FB9F87442D91BE2A00EE69DA /* publicaciones */ = {
			isa = PBXGroup;
			children = (
				FB9F87422D91BE2000EE69DA /* publicaciones_general.swift */,
				FBED268C2DA0339F00489817 /* publicacion.swift */,
			);
			path = publicaciones;
			sourceTree = "<group>";
		};
		FBED26902DA0353200489817 /* controladores */ = {
			isa = PBXGroup;
			children = (
				FBED26B02DA03CFC00489817 /* controlador_publicaciones.swift */,
				FBED26AE2DA03CF000489817 /* controlador_app.swift */,
			);
			name = controladores;
			path = controladors/controladores;
			sourceTree = "<group>";
		};
		FBED26A62DA035F200489817 /* perfil_basico */ = {
			isa = PBXGroup;
			children = (
				FBED26A52DA035F200489817 /* perfil_vista_basica.swift */,
			);
			name = perfil_basico;
			path = ../../../../../bocetos_swiftui/redes_sociales/RedesSociales/RedesSociales/ui/perfil_basico;
			sourceTree = "<group>";
		};
		FBED26A82DA035F200489817 /* menu_inicial */ = {
			isa = PBXGroup;
			children = (
				FBED26A72DA035F200489817 /* menu_apliacion.swift */,
			);
			name = menu_inicial;
			path = ../../../../../bocetos_swiftui/redes_sociales/RedesSociales/RedesSociales/ui/menu_inicial;
			sourceTree = "<group>";
		};
		FBED26B72DA03D2700489817 /* soporte */ = {
			isa = PBXGroup;
			children = (
				FBED26B62DA03D2700489817 /* pagina_resultados.swift */,
			);
			path = soporte;
			sourceTree = "<group>";
		};
		FBED26BB2DA03D2700489817 /* dragon_ball */ = {
			isa = PBXGroup;
			children = (
				FBED26B72DA03D2700489817 /* soporte */,
				FBED26B82DA03D2700489817 /* mono_chino.swift */,
				FBED26B92DA03D2700489817 /* planeta.swift */,
				FBED26BA2DA03D2700489817 /* transformacion.swift */,
			);
			path = dragon_ball;
			sourceTree = "<group>";
		};
		FBED26C22DA03FF300489817 /* Dragon_ball */ = {
			isa = PBXGroup;
			children = (
				FBED26C32DA0408100489817 /* PantallaPersonajes.swift */,
			);
			path = Dragon_ball;
			sourceTree = "<group>";
		};
/* End PBXGroup section */

/* Begin PBXNativeTarget section */
		FB9F871F2D91B07F00EE69DA /* RedesSociales */ = {
			isa = PBXNativeTarget;
			buildConfigurationList = FB9F872E2D91B07F00EE69DA /* Build configuration list for PBXNativeTarget "RedesSociales" */;
			buildPhases = (
				FB9F871C2D91B07F00EE69DA /* Sources */,
				FB9F871D2D91B07F00EE69DA /* Frameworks */,
				FB9F871E2D91B07F00EE69DA /* Resources */,
			);
			buildRules = (
			);
			dependencies = (
			);
			name = RedesSociales;
			productName = RedesSociales;
			productReference = FB9F87202D91B07F00EE69DA /* RedesSociales.app */;
			productType = "com.apple.product-type.application";
		};
/* End PBXNativeTarget section */

/* Begin PBXProject section */
		FB9F87182D91B07F00EE69DA /* Project object */ = {
			isa = PBXProject;
			attributes = {
				BuildIndependentTargetsInParallel = 1;
				LastSwiftUpdateCheck = 1540;
				LastUpgradeCheck = 1540;
				TargetAttributes = {
					FB9F871F2D91B07F00EE69DA = {
						CreatedOnToolsVersion = 15.4;
					};
				};
			};
			buildConfigurationList = FB9F871B2D91B07F00EE69DA /* Build configuration list for PBXProject "RedesSociales" */;
			compatibilityVersion = "Xcode 14.0";
			developmentRegion = en;
			hasScannedForEncodings = 0;
			knownRegions = (
				en,
				Base,
			);
			mainGroup = FB9F87172D91B07F00EE69DA;
			productRefGroup = FB9F87212D91B07F00EE69DA /* Products */;
			projectDirPath = "";
			projectRoot = "";
			targets = (
				FB9F871F2D91B07F00EE69DA /* RedesSociales */,
			);
		};
/* End PBXProject section */

/* Begin PBXResourcesBuildPhase section */
		FB9F871E2D91B07F00EE69DA /* Resources */ = {
			isa = PBXResourcesBuildPhase;
			buildActionMask = 2147483647;
			files = (
				FB9F872B2D91B07F00EE69DA /* Preview Assets.xcassets in Resources */,
				FB9F87282D91B07F00EE69DA /* Assets.xcassets in Resources */,
			);
			runOnlyForDeploymentPostprocessing = 0;
		};
/* End PBXResourcesBuildPhase section */

/* Begin PBXSourcesBuildPhase section */
		FB9F871C2D91B07F00EE69DA /* Sources */ = {
			isa = PBXSourcesBuildPhase;
			buildActionMask = 2147483647;
			files = (
				FB9F87432D91BE2000EE69DA /* publicaciones_general.swift in Sources */,
				FBED26B52DA03D1A00489817 /* perfil.swift in Sources */,
				FB9F87392D91B4D700EE69DA /* placeholder_api.swift in Sources */,
				FBED26922DA0356200489817 /* ContentView.swift in Sources */,
				FBED26B12DA03CFC00489817 /* controlador_publicaciones.swift in Sources */,
				FBED268D2DA0339F00489817 /* publicacion.swift in Sources */,
				FBED26C02DA03D2700489817 /* transformacion.swift in Sources */,
				FBED26AF2DA03CF000489817 /* controlador_app.swift in Sources */,
				FBED26BF2DA03D2700489817 /* planeta.swift in Sources */,
				FBED26AA2DA035F200489817 /* menu_apliacion.swift in Sources */,
				FB9F87242D91B07F00EE69DA /* RedesSocialesApp.swift in Sources */,
				FBED26B32DA03D0F00489817 /* Publicacion.swift in Sources */,
				FBED26A92DA035F200489817 /* perfil_vista_basica.swift in Sources */,
				FBED26BE2DA03D2700489817 /* mono_chino.swift in Sources */,
				FBED26BD2DA03D2700489817 /* pagina_resultados.swift in Sources */,
				FBED26AD2DA0363A00489817 /* dragonball_api.swift in Sources */,
				FB9F873B2D91B4E100EE69DA /* errores.swift in Sources */,
				FBED26C42DA0408100489817 /* PantallaPersonajes.swift in Sources */,
				FBED26C12DA03D2700489817 /* comentario.swift in Sources */,
			);
			runOnlyForDeploymentPostprocessing = 0;
		};
/* End PBXSourcesBuildPhase section */

/* Begin XCBuildConfiguration section */
		FB9F872C2D91B07F00EE69DA /* Debug */ = {
			isa = XCBuildConfiguration;
			buildSettings = {
				ALWAYS_SEARCH_USER_PATHS = NO;
				ASSETCATALOG_COMPILER_GENERATE_SWIFT_ASSET_SYMBOL_EXTENSIONS = YES;
				CLANG_ANALYZER_NONNULL = YES;
				CLANG_ANALYZER_NUMBER_OBJECT_CONVERSION = YES_AGGRESSIVE;
				CLANG_CXX_LANGUAGE_STANDARD = "gnu++20";
				CLANG_ENABLE_MODULES = YES;
				CLANG_ENABLE_OBJC_ARC = YES;
				CLANG_ENABLE_OBJC_WEAK = YES;
				CLANG_WARN_BLOCK_CAPTURE_AUTORELEASING = YES;
				CLANG_WARN_BOOL_CONVERSION = YES;
				CLANG_WARN_COMMA = YES;
				CLANG_WARN_CONSTANT_CONVERSION = YES;
				CLANG_WARN_DEPRECATED_OBJC_IMPLEMENTATIONS = YES;
				CLANG_WARN_DIRECT_OBJC_ISA_USAGE = YES_ERROR;
				CLANG_WARN_DOCUMENTATION_COMMENTS = YES;
				CLANG_WARN_EMPTY_BODY = YES;
				CLANG_WARN_ENUM_CONVERSION = YES;
				CLANG_WARN_INFINITE_RECURSION = YES;
				CLANG_WARN_INT_CONVERSION = YES;
				CLANG_WARN_NON_LITERAL_NULL_CONVERSION = YES;
				CLANG_WARN_OBJC_IMPLICIT_RETAIN_SELF = YES;
				CLANG_WARN_OBJC_LITERAL_CONVERSION = YES;
				CLANG_WARN_OBJC_ROOT_CLASS = YES_ERROR;
				CLANG_WARN_QUOTED_INCLUDE_IN_FRAMEWORK_HEADER = YES;
				CLANG_WARN_RANGE_LOOP_ANALYSIS = YES;
				CLANG_WARN_STRICT_PROTOTYPES = YES;
				CLANG_WARN_SUSPICIOUS_MOVE = YES;
				CLANG_WARN_UNGUARDED_AVAILABILITY = YES_AGGRESSIVE;
				CLANG_WARN_UNREACHABLE_CODE = YES;
				CLANG_WARN__DUPLICATE_METHOD_MATCH = YES;
				COPY_PHASE_STRIP = NO;
				DEBUG_INFORMATION_FORMAT = dwarf;
				ENABLE_STRICT_OBJC_MSGSEND = YES;
				ENABLE_TESTABILITY = YES;
				ENABLE_USER_SCRIPT_SANDBOXING = YES;
				GCC_C_LANGUAGE_STANDARD = gnu17;
				GCC_DYNAMIC_NO_PIC = NO;
				GCC_NO_COMMON_BLOCKS = YES;
				GCC_OPTIMIZATION_LEVEL = 0;
				GCC_PREPROCESSOR_DEFINITIONS = (
					"DEBUG=1",
					"$(inherited)",
				);
				GCC_WARN_64_TO_32_BIT_CONVERSION = YES;
				GCC_WARN_ABOUT_RETURN_TYPE = YES_ERROR;
				GCC_WARN_UNDECLARED_SELECTOR = YES;
				GCC_WARN_UNINITIALIZED_AUTOS = YES_AGGRESSIVE;
				GCC_WARN_UNUSED_FUNCTION = YES;
				GCC_WARN_UNUSED_VARIABLE = YES;
				IPHONEOS_DEPLOYMENT_TARGET = 17.5;
				LOCALIZATION_PREFERS_STRING_CATALOGS = YES;
				MTL_ENABLE_DEBUG_INFO = INCLUDE_SOURCE;
				MTL_FAST_MATH = YES;
				ONLY_ACTIVE_ARCH = YES;
				SDKROOT = iphoneos;
				SWIFT_ACTIVE_COMPILATION_CONDITIONS = "DEBUG $(inherited)";
				SWIFT_OPTIMIZATION_LEVEL = "-Onone";
			};
			name = Debug;
		};
		FB9F872D2D91B07F00EE69DA /* Release */ = {
			isa = XCBuildConfiguration;
			buildSettings = {
				ALWAYS_SEARCH_USER_PATHS = NO;
				ASSETCATALOG_COMPILER_GENERATE_SWIFT_ASSET_SYMBOL_EXTENSIONS = YES;
				CLANG_ANALYZER_NONNULL = YES;
				CLANG_ANALYZER_NUMBER_OBJECT_CONVERSION = YES_AGGRESSIVE;
				CLANG_CXX_LANGUAGE_STANDARD = "gnu++20";
				CLANG_ENABLE_MODULES = YES;
				CLANG_ENABLE_OBJC_ARC = YES;
				CLANG_ENABLE_OBJC_WEAK = YES;
				CLANG_WARN_BLOCK_CAPTURE_AUTORELEASING = YES;
				CLANG_WARN_BOOL_CONVERSION = YES;
				CLANG_WARN_COMMA = YES;
				CLANG_WARN_CONSTANT_CONVERSION = YES;
				CLANG_WARN_DEPRECATED_OBJC_IMPLEMENTATIONS = YES;
				CLANG_WARN_DIRECT_OBJC_ISA_USAGE = YES_ERROR;
				CLANG_WARN_DOCUMENTATION_COMMENTS = YES;
				CLANG_WARN_EMPTY_BODY = YES;
				CLANG_WARN_ENUM_CONVERSION = YES;
				CLANG_WARN_INFINITE_RECURSION = YES;
				CLANG_WARN_INT_CONVERSION = YES;
				CLANG_WARN_NON_LITERAL_NULL_CONVERSION = YES;
				CLANG_WARN_OBJC_IMPLICIT_RETAIN_SELF = YES;
				CLANG_WARN_OBJC_LITERAL_CONVERSION = YES;
				CLANG_WARN_OBJC_ROOT_CLASS = YES_ERROR;
				CLANG_WARN_QUOTED_INCLUDE_IN_FRAMEWORK_HEADER = YES;
				CLANG_WARN_RANGE_LOOP_ANALYSIS = YES;
				CLANG_WARN_STRICT_PROTOTYPES = YES;
				CLANG_WARN_SUSPICIOUS_MOVE = YES;
				CLANG_WARN_UNGUARDED_AVAILABILITY = YES_AGGRESSIVE;
				CLANG_WARN_UNREACHABLE_CODE = YES;
				CLANG_WARN__DUPLICATE_METHOD_MATCH = YES;
				COPY_PHASE_STRIP = NO;
				DEBUG_INFORMATION_FORMAT = "dwarf-with-dsym";
				ENABLE_NS_ASSERTIONS = NO;
				ENABLE_STRICT_OBJC_MSGSEND = YES;
				ENABLE_USER_SCRIPT_SANDBOXING = YES;
				GCC_C_LANGUAGE_STANDARD = gnu17;
				GCC_NO_COMMON_BLOCKS = YES;
				GCC_WARN_64_TO_32_BIT_CONVERSION = YES;
				GCC_WARN_ABOUT_RETURN_TYPE = YES_ERROR;
				GCC_WARN_UNDECLARED_SELECTOR = YES;
				GCC_WARN_UNINITIALIZED_AUTOS = YES_AGGRESSIVE;
				GCC_WARN_UNUSED_FUNCTION = YES;
				GCC_WARN_UNUSED_VARIABLE = YES;
				IPHONEOS_DEPLOYMENT_TARGET = 17.5;
				LOCALIZATION_PREFERS_STRING_CATALOGS = YES;
				MTL_ENABLE_DEBUG_INFO = NO;
				MTL_FAST_MATH = YES;
				SDKROOT = iphoneos;
				SWIFT_COMPILATION_MODE = wholemodule;
				VALIDATE_PRODUCT = YES;
			};
			name = Release;
		};
		FB9F872F2D91B07F00EE69DA /* Debug */ = {
			isa = XCBuildConfiguration;
			buildSettings = {
				ASSETCATALOG_COMPILER_APPICON_NAME = AppIcon;
				ASSETCATALOG_COMPILER_GLOBAL_ACCENT_COLOR_NAME = AccentColor;
				CODE_SIGN_STYLE = Automatic;
				CURRENT_PROJECT_VERSION = 1;
				DEVELOPMENT_ASSET_PATHS = "\"RedesSociales/Preview Content\"";
				ENABLE_PREVIEWS = YES;
				GENERATE_INFOPLIST_FILE = YES;
				INFOPLIST_KEY_UIApplicationSceneManifest_Generation = YES;
				INFOPLIST_KEY_UIApplicationSupportsIndirectInputEvents = YES;
				INFOPLIST_KEY_UILaunchScreen_Generation = YES;
				INFOPLIST_KEY_UISupportedInterfaceOrientations_iPad = "UIInterfaceOrientationPortrait UIInterfaceOrientationPortraitUpsideDown UIInterfaceOrientationLandscapeLeft UIInterfaceOrientationLandscapeRight";
				INFOPLIST_KEY_UISupportedInterfaceOrientations_iPhone = "UIInterfaceOrientationPortrait UIInterfaceOrientationLandscapeLeft UIInterfaceOrientationLandscapeRight";
				LD_RUNPATH_SEARCH_PATHS = (
					"$(inherited)",
					"@executable_path/Frameworks",
				);
				MARKETING_VERSION = 1.0;
				PRODUCT_BUNDLE_IDENTIFIER = mx.alumnos.uacj.RedesSociales;
				PRODUCT_NAME = "$(TARGET_NAME)";
				SWIFT_EMIT_LOC_STRINGS = YES;
				SWIFT_VERSION = 5.0;
				TARGETED_DEVICE_FAMILY = "1,2";
			};
			name = Debug;
		};
		FB9F87302D91B07F00EE69DA /* Release */ = {
			isa = XCBuildConfiguration;
			buildSettings = {
				ASSETCATALOG_COMPILER_APPICON_NAME = AppIcon;
				ASSETCATALOG_COMPILER_GLOBAL_ACCENT_COLOR_NAME = AccentColor;
				CODE_SIGN_STYLE = Automatic;
				CURRENT_PROJECT_VERSION = 1;
				DEVELOPMENT_ASSET_PATHS = "\"RedesSociales/Preview Content\"";
				ENABLE_PREVIEWS = YES;
				GENERATE_INFOPLIST_FILE = YES;
				INFOPLIST_KEY_UIApplicationSceneManifest_Generation = YES;
				INFOPLIST_KEY_UIApplicationSupportsIndirectInputEvents = YES;
				INFOPLIST_KEY_UILaunchScreen_Generation = YES;
				INFOPLIST_KEY_UISupportedInterfaceOrientations_iPad = "UIInterfaceOrientationPortrait UIInterfaceOrientationPortraitUpsideDown UIInterfaceOrientationLandscapeLeft UIInterfaceOrientationLandscapeRight";
				INFOPLIST_KEY_UISupportedInterfaceOrientations_iPhone = "UIInterfaceOrientationPortrait UIInterfaceOrientationLandscapeLeft UIInterfaceOrientationLandscapeRight";
				LD_RUNPATH_SEARCH_PATHS = (
					"$(inherited)",
					"@executable_path/Frameworks",
				);
				MARKETING_VERSION = 1.0;
				PRODUCT_BUNDLE_IDENTIFIER = mx.alumnos.uacj.RedesSociales;
				PRODUCT_NAME = "$(TARGET_NAME)";
				SWIFT_EMIT_LOC_STRINGS = YES;
				SWIFT_VERSION = 5.0;
				TARGETED_DEVICE_FAMILY = "1,2";
			};
			name = Release;
		};
/* End XCBuildConfiguration section */

/* Begin XCConfigurationList section */
		FB9F871B2D91B07F00EE69DA /* Build configuration list for PBXProject "RedesSociales" */ = {
			isa = XCConfigurationList;
			buildConfigurations = (
				FB9F872C2D91B07F00EE69DA /* Debug */,
				FB9F872D2D91B07F00EE69DA /* Release */,
			);
			defaultConfigurationIsVisible = 0;
			defaultConfigurationName = Release;
		};
		FB9F872E2D91B07F00EE69DA /* Build configuration list for PBXNativeTarget "RedesSociales" */ = {
			isa = XCConfigurationList;
			buildConfigurations = (
				FB9F872F2D91B07F00EE69DA /* Debug */,
				FB9F87302D91B07F00EE69DA /* Release */,
			);
			defaultConfigurationIsVisible = 0;
			defaultConfigurationName = Release;
		};
/* End XCConfigurationList section */
	};
	rootObject = FB9F87182D91B07F00EE69DA /* Project object */;
}
